PODS:
  - FrameLayoutKit (3.3)
  - NKButton (3.8.1):
    - FrameLayoutKit
    - NVActivityIndicatorView/AppExtension
  - NKInputFormKit (2.1.2)
  - NKModalViewManager (3.5.2)
  - NVActivityIndicatorView/AppExtension (4.6.1)

DEPENDENCIES:
  - NKButton
  - NKInputFormKit (from `../`)
  - NKModalViewManager

SPEC REPOS:
  https://github.com/cocoapods/specs.git:
    - FrameLayoutKit
    - NKButton
    - NKModalViewManager
    - NVActivityIndicatorView

EXTERNAL SOURCES:
  NKInputFormKit:
    :path: "../"

SPEC CHECKSUMS:
  FrameLayoutKit: 2a4b3833c90b60b5305b9030a83e34d5c3ed7173
  NKButton: 809279eeb3e2af0013229acfe2835458342ee9de
  NKInputFormKit: c1fa672a8152f54ee0d9076943b2513ab9e8b15c
  NKModalViewManager: 8171cd4fb9315193fc2d05f011f9a29c9ca95a0f
  NVActivityIndicatorView: 4ca19fccc84595a78957336a086d00a49be6ce61

PODFILE CHECKSUM: 984b440426511f0afa20d6ff16bca7522f9647cf

COCOAPODS: 1.6.0
